github.com/hetiansu5/urlquery v1.2.3 h1:ZqseAGsTV9iWReRLJ60DKELI6vEAOcS0WxfApaD7eBw=
github.com/hetiansu5/urlquery v1.2.3/go.mod h1:TpDbtDUgk09rFy/tXu4R+qrTvibZWSQjZTT8VDh/Xl0=
github.com/m-murad/ordered-sync-map v0.0.0-20200808201854-ff3313305f2d h1:GyKgUbOt2ODPc8UDjuP8S4JvHaxTW+gb6Kb76lilna0=
github.com/m-murad/ordered-sync-map v0.0.0-20200808201854-ff3313305f2d/go.mod h1:NzB23TXW83d3zF7ikxWAHaOSHO7JqKk33pAi7HmlUjs=
